
Microsoft Visual Studio Solution File, Format Version 12.00
# Visual Studio Version 16
VisualStudioVersion = 16.0.30204.135
MinimumVisualStudioVersion = 10.0.40219.1
Project("{FAE04EC0-301F-11D3-BF4B-00C04F79EFBC}") = "PolyhedronMethod", "PolyhedronMethod\PolyhedronMethod.csproj", "{0C9037DE-3CED-4D79-87C7-78996A6319E4}"
EndProject
Global
	GlobalSection(SolutionConfigurationPlatforms) = preSolution
		Debug|Any CPU = Debug|Any CPU
		Release|Any CPU = Release|Any CPU
	EndGlobalSection
	GlobalSection(ProjectConfigurationPlatforms) = postSolution
		{0C9037DE-3CED-4D79-87C7-78996A6319E4}.Debug|Any CPU.ActiveCfg = Debug|Any CPU
		{0C9037DE-3CED-4D79-87C7-78996A6319E4}.Debug|Any CPU.Build.0 = Debug|Any CPU
		{0C9037DE-3CED-4D79-87C7-78996A6319E4}.Release|Any CPU.ActiveCfg = Release|Any CPU
		{0C9037DE-3CED-4D79-87C7-78996A6319E4}.Release|Any CPU.Build.0 = Release|Any CPU
	EndGlobalSection
	GlobalSection(SolutionProperties) = preSolution
		HideSolutionNode = FALSE
	EndGlobalSection
	GlobalSection(ExtensibilityGlobals) = postSolution
		SolutionGuid = {E411983A-3B32-4686-B1E6-FE7CE4EC3583}
	EndGlobalSection
EndGlobal
